
Microsoft Visual Studio Solution File, Format Version 12.00
# Visual Studio Version 16
VisualStudioVersion = 16.0.31624.102
MinimumVisualStudioVersion = 10.0.40219.1
Project("{FAE04EC0-301F-11D3-BF4B-00C04F79EFBC}") = "Laboratorio10", "Laboratorio10.csproj", "{B80EDC98-D1A2-4B49-A5AA-679E79238C28}"
EndProject
Project("{FAE04EC0-301F-11D3-BF4B-00C04F79EFBC}") = "UnitTestLab10.Tests", "..\Laboratorio10.Tests\UnitTestLab10.Tests.csproj", "{89F2AFA2-5E69-4CB0-B406-441531F73255}"
EndProject
Global
	GlobalSection(SolutionConfigurationPlatforms) = preSolution
		Debug|Any CPU = Debug|Any CPU
		Release|Any CPU = Release|Any CPU
	EndGlobalSection
	GlobalSection(ProjectConfigurationPlatforms) = postSolution
		{B80EDC98-D1A2-4B49-A5AA-679E79238C28}.Debug|Any CPU.ActiveCfg = Debug|Any CPU
		{B80EDC98-D1A2-4B49-A5AA-679E79238C28}.Debug|Any CPU.Build.0 = Debug|Any CPU
		{B80EDC98-D1A2-4B49-A5AA-679E79238C28}.Release|Any CPU.ActiveCfg = Release|Any CPU
		{B80EDC98-D1A2-4B49-A5AA-679E79238C28}.Release|Any CPU.Build.0 = Release|Any CPU
		{89F2AFA2-5E69-4CB0-B406-441531F73255}.Debug|Any CPU.ActiveCfg = Debug|Any CPU
		{89F2AFA2-5E69-4CB0-B406-441531F73255}.Debug|Any CPU.Build.0 = Debug|Any CPU
		{89F2AFA2-5E69-4CB0-B406-441531F73255}.Release|Any CPU.ActiveCfg = Release|Any CPU
		{89F2AFA2-5E69-4CB0-B406-441531F73255}.Release|Any CPU.Build.0 = Release|Any CPU
	EndGlobalSection
	GlobalSection(SolutionProperties) = preSolution
		HideSolutionNode = FALSE
	EndGlobalSection
	GlobalSection(ExtensibilityGlobals) = postSolution
		SolutionGuid = {42F6B75D-9328-4746-8DA0-F23D8EBACD09}
	EndGlobalSection
EndGlobal
